
Microsoft Visual Studio Solution File, Format Version 12.00
# Visual Studio 14
VisualStudioVersion = 14.0.25123.0
MinimumVisualStudioVersion = 10.0.40219.1
Project("{9092AA53-FB77-4645-B42D-1CCCA6BD08BD}") = "ExtremeInvestmentProfitsApp", "ExtremeInvestmentProfitsApp\ExtremeInvestmentProfitsApp.njsproj", "{70D45545-9DBC-41BE-AEAE-C9D8FE38DACF}"
EndProject
Global
	GlobalSection(SolutionConfigurationPlatforms) = preSolution
		Debug|Any CPU = Debug|Any CPU
		Release|Any CPU = Release|Any CPU
	EndGlobalSection
	GlobalSection(ProjectConfigurationPlatforms) = postSolution
		{70D45545-9DBC-41BE-AEAE-C9D8FE38DACF}.Debug|Any CPU.ActiveCfg = Debug|Any CPU
		{70D45545-9DBC-41BE-AEAE-C9D8FE38DACF}.Debug|Any CPU.Build.0 = Debug|Any CPU
		{70D45545-9DBC-41BE-AEAE-C9D8FE38DACF}.Release|Any CPU.ActiveCfg = Release|Any CPU
		{70D45545-9DBC-41BE-AEAE-C9D8FE38DACF}.Release|Any CPU.Build.0 = Release|Any CPU
	EndGlobalSection
	GlobalSection(SolutionProperties) = preSolution
		HideSolutionNode = FALSE
	EndGlobalSection
EndGlobal
